{
    "version": 3,
    "terraform_version": "0.11.13",
    "serial": 23,
    "lineage": "dc061e00-22bf-4a4f-b1ee-70914d00c189",
    "modules": [
        {
            "path": [
                "root"
            ],
            "outputs": {},
            "resources": {
                "aws_internet_gateway.gw": {
                    "type": "aws_internet_gateway",
                    "depends_on": [
                        "aws_vpc.main"
                    ],
                    "primary": {
                        "id": "igw-0a3073a2b02d341da",
                        "attributes": {
                            "id": "igw-0a3073a2b02d341da",
                            "owner_id": "672223761426",
                            "tags.%": "1",
                            "tags.Name": "gw",
                            "vpc_id": "vpc-0f9bc3dcb70ac0252"
                        },
                        "meta": {},
                        "tainted": false
                    },
                    "deposed": [],
                    "provider": "provider.aws"
                },
                "aws_key_pair.aws_Pkey": {
                    "type": "aws_key_pair",
                    "depends_on": [
                        "tls_private_key.key"
                    ],
                    "primary": {
                        "id": "aws_Pkey",
                        "attributes": {
                            "fingerprint": "37:da:6c:5b:e5:60:fb:96:df:54:ca:58:de:ad:8c:c7",
                            "id": "aws_Pkey",
                            "key_name": "aws_Pkey",
                            "key_pair_id": "key-0c91831e5bd37bfa5",
                            "public_key": "ssh-rsa AAAAB3NzaC1yc2EAAAADAQABAAABAQCw37DThg3QImkHSOmfIhUqiyNS7SZY+T1At/l/oupdfQvxDC7U0F+QLHlOiC/NzJEGxkBAyB7R1MYzvBb5QcXFIaLi5A3XU5cUg7LuR0G+HXzWZOPquuBSiklAXYupZFfxExnWwjXxZWaiPbqqJm9qo1IhdHDo/tywelxPTiQaEbktte40tk53feL51+EdLfyKiTybc62i/EE7VJfv8SsMoDRZnESFeXnq4bg4maWuHJEVIihKANoecQqzmzMrKMEojtb54LbiReJABqiSUse3mkaOM0HeMFoMhO3lsOgYEHzXF4qb+hMFyXg2bdWNBFrxgUJyZ+13+Z+DuIjPULJP",
                            "tags.%": "0"
                        },
                        "meta": {
                            "schema_version": "1"
                        },
                        "tainted": false
                    },
                    "deposed": [],
                    "provider": "provider.aws"
                },
                "aws_route_table.private-r-t": {
                    "type": "aws_route_table",
                    "depends_on": [
                        "aws_vpc.main"
                    ],
                    "primary": {
                        "id": "rtb-0b63618249b8af9df",
                        "attributes": {
                            "id": "rtb-0b63618249b8af9df",
                            "owner_id": "672223761426",
                            "propagating_vgws.#": "0",
                            "route.#": "0",
                            "tags.%": "1",
                            "tags.Name": "private-r-t",
                            "vpc_id": "vpc-0f9bc3dcb70ac0252"
                        },
                        "meta": {},
                        "tainted": false
                    },
                    "deposed": [],
                    "provider": "provider.aws"
                },
                "aws_route_table.public-r-t": {
                    "type": "aws_route_table",
                    "depends_on": [
                        "aws_internet_gateway.gw",
                        "aws_vpc.main"
                    ],
                    "primary": {
                        "id": "rtb-0d86988f8fef5094c",
                        "attributes": {
                            "id": "rtb-0d86988f8fef5094c",
                            "owner_id": "672223761426",
                            "propagating_vgws.#": "0",
                            "route.#": "1",
                            "route.2321408502.cidr_block": "0.0.0.0/0",
                            "route.2321408502.egress_only_gateway_id": "",
                            "route.2321408502.gateway_id": "igw-0a3073a2b02d341da",
                            "route.2321408502.instance_id": "",
                            "route.2321408502.ipv6_cidr_block": "",
                            "route.2321408502.nat_gateway_id": "",
                            "route.2321408502.network_interface_id": "",
                            "route.2321408502.transit_gateway_id": "",
                            "route.2321408502.vpc_peering_connection_id": "",
                            "tags.%": "1",
                            "tags.Name": "public-r-t",
                            "vpc_id": "vpc-0f9bc3dcb70ac0252"
                        },
                        "meta": {},
                        "tainted": false
                    },
                    "deposed": [],
                    "provider": "provider.aws"
                },
                "aws_route_table_association.a-private": {
                    "type": "aws_route_table_association",
                    "depends_on": [
                        "aws_route_table.private-r-t",
                        "aws_subnet.subnet-private-1"
                    ],
                    "primary": {
                        "id": "rtbassoc-03d09c9dc2af30bd5",
                        "attributes": {
                            "id": "rtbassoc-03d09c9dc2af30bd5",
                            "route_table_id": "rtb-0b63618249b8af9df",
                            "subnet_id": "subnet-0447ac4b5382168f3"
                        },
                        "meta": {},
                        "tainted": false
                    },
                    "deposed": [],
                    "provider": "provider.aws"
                },
                "aws_route_table_association.a-private2": {
                    "type": "aws_route_table_association",
                    "depends_on": [
                        "aws_route_table.private-r-t",
                        "aws_subnet.subnet-private-2"
                    ],
                    "primary": {
                        "id": "rtbassoc-03dc0951a768f6404",
                        "attributes": {
                            "id": "rtbassoc-03dc0951a768f6404",
                            "route_table_id": "rtb-0b63618249b8af9df",
                            "subnet_id": "subnet-0f776381a780bdad2"
                        },
                        "meta": {},
                        "tainted": false
                    },
                    "deposed": [],
                    "provider": "provider.aws"
                },
                "aws_route_table_association.a-public": {
                    "type": "aws_route_table_association",
                    "depends_on": [
                        "aws_route_table.public-r-t",
                        "aws_subnet.subnet-public-1"
                    ],
                    "primary": {
                        "id": "rtbassoc-0aff0f83f1b08fb16",
                        "attributes": {
                            "id": "rtbassoc-0aff0f83f1b08fb16",
                            "route_table_id": "rtb-0d86988f8fef5094c",
                            "subnet_id": "subnet-0f465a4ca38c955e0"
                        },
                        "meta": {},
                        "tainted": false
                    },
                    "deposed": [],
                    "provider": "provider.aws"
                },
                "aws_route_table_association.a-public2": {
                    "type": "aws_route_table_association",
                    "depends_on": [
                        "aws_route_table.public-r-t",
                        "aws_subnet.subnet-public-2"
                    ],
                    "primary": {
                        "id": "rtbassoc-035a25a54ef422fdb",
                        "attributes": {
                            "id": "rtbassoc-035a25a54ef422fdb",
                            "route_table_id": "rtb-0d86988f8fef5094c",
                            "subnet_id": "subnet-0aded31d48657bf3f"
                        },
                        "meta": {},
                        "tainted": false
                    },
                    "deposed": [],
                    "provider": "provider.aws"
                },
                "aws_secretsmanager_secret.secret-manager": {
                    "type": "aws_secretsmanager_secret",
                    "depends_on": [],
                    "primary": {
                        "id": "arn:aws:secretsmanager:us-east-2:672223761426:secret:secret-manager-1IVwCP",
                        "attributes": {
                            "arn": "arn:aws:secretsmanager:us-east-2:672223761426:secret:secret-manager-1IVwCP",
                            "description": "",
                            "id": "arn:aws:secretsmanager:us-east-2:672223761426:secret:secret-manager-1IVwCP",
                            "kms_key_id": "",
                            "name": "secret-manager",
                            "recovery_window_in_days": "30",
                            "rotation_enabled": "false",
                            "rotation_lambda_arn": "",
                            "rotation_rules.#": "0",
                            "tags.%": "0"
                        },
                        "meta": {},
                        "tainted": false
                    },
                    "deposed": [],
                    "provider": "provider.aws"
                },
                "aws_secretsmanager_secret_version.test_secret": {
                    "type": "aws_secretsmanager_secret_version",
                    "depends_on": [
                        "aws_secretsmanager_secret.secret-manager",
                        "tls_private_key.key"
                    ],
                    "primary": {
                        "id": "arn:aws:secretsmanager:us-east-2:672223761426:secret:secret-manager-1IVwCP|E0A344EB-04F7-4E26-8995-831E646EFA9A",
                        "attributes": {
                            "arn": "arn:aws:secretsmanager:us-east-2:672223761426:secret:secret-manager-1IVwCP",
                            "id": "arn:aws:secretsmanager:us-east-2:672223761426:secret:secret-manager-1IVwCP|E0A344EB-04F7-4E26-8995-831E646EFA9A",
                            "secret_binary": "",
                            "secret_id": "arn:aws:secretsmanager:us-east-2:672223761426:secret:secret-manager-1IVwCP",
                            "secret_string": "-----BEGIN RSA PRIVATE KEY-----\nMIIEpAIBAAKCAQEAsN+w04YN0CJpB0jpnyIVKosjUu0mWPk9QLf5f6LqXX0L8Qwu\n1NBfkCx5TogvzcyRBsZAQMge0dTGM7wW+UHFxSGi4uQN11OXFIOy7kdBvh181mTj\n6rrgUopJQF2LqWRX8RMZ1sI18WVmoj26qiZvaqNSIXRw6P7csHpcT04kGhG5LbXu\nNLZOd33i+dfhHS38iok8m3OtovxBO1SX7/ErDKA0WZxEhXl56uG4OJmlrhyRFSIo\nSgDaHnEKs5szKyjBKI7W+eC24kXiQAaoklLHt5pGjjNB3jBaDITt5bDoGBB81xeK\nm/oTBcl4Nm3VjQRa8YFCcmftd/mfg7iIz1CyTwIDAQABAoIBAGq1miYTg3Plvr3R\nZHlIg8KWDSqzvuYBAM5x8EnsDT93+ONluT9Vs8H0wv75NPYRjBGtPAiZc9aeazG9\nMZMR9nJ3V6FRe3REjyqmRiZxwR0lBzMFzWfJdRr3KTh295Kr4k6kentR0l+gEKqj\nWWHcLG4GuL9MU+6ODLFAMT77YtaChwTaNH0wliaVIcoyE8YjSCvWpt/Im0rY7ZCU\noYZnMLVDuDA1QYhvzYZ/z/aazxHP2uAeyQ651cMEZT24tKvIAS0x8qoXXVnsK1dk\ne2vNdTcNvEcdILbgomLnbPJBJY5g7l8qduYqVLhNFOO2Q3O5vPfiRiQoEN/Yh0ev\nBUeaiQECgYEAwjyKbNCgKziR7VeyVz0l/G4ph10vLfAtvqhMeEhRGhwIGWBvbegq\nWcEcwHVcJmMSuUBQo90nXOryZk/jP1f9Tn6Km5yMQvgkV/MAPG0Wmms8cmgjDms1\nDSrldilBQVSt/wHU6Hr3uC7MBtDI4XyfWMJ/1vk6BSC2KylwyoQpOoECgYEA6R3F\nq59SgTybwy///Gjl25YzkoYEJacp9HWpXe1uEy1WFlM1Va/3fe05GZ9JwySjUcs8\n+bQBn0CL6C88UtE+DL1HGKDDS6CsTx6E33uEQj8yjNnkqq+LALeGsmD39NMGNdxM\nnDujSEKRLfppI8g1MgiTvVXuHpKnDyp55wcgZM8CgYB3bM/TneaNDIg0vRHrL662\naWlhUDsc7KrDqijyX8x12DxmlfONSQ0ZCHJMJxyUgZ/WhSPPzL9SEycdHwtjPA+D\n/qvsh7F5z6ZQ6RkBDjWyljKhSUQcrm/8+54AK9dyesVMoGyu0ESVWziZDDAm6//x\njA0cOTqiQn2fRiiSa/YJgQKBgQCWGy2ljTm7LiO+U7Ip/gHEm7spplIVTMafOwSM\nDs7KWm8MgRfezSg4VgBml0MP/Q+NI6lnwJkqyo1MPN5DFak22spk+V/H2vYZHDXD\nEe3gGoGaYNP1dIO1OnfpdLc1VoyxMeHC2EQTy4lgadY5zDk0toErcaGa3iPkiB1m\nvhgF0QKBgQC6uSAyYXpY/T1t3SZg+Re8az1noHXUMCSOX6nPgQtWrKQLLVN59tGE\niPQMhBZtWn5Qr9YIdb/9mjG0GDGVcVSX4sDxqfwHcE6WHfplhtAGJNlQoy4XAl64\nFfiRMUncfknhZJMkE8cUYd4URSl5/T6bvJnmgdRjNUooVIrLzurYRQ==\n-----END RSA PRIVATE KEY-----\n",
                            "version_id": "E0A344EB-04F7-4E26-8995-831E646EFA9A",
                            "version_stages.#": "1",
                            "version_stages.3070137": "AWSCURRENT"
                        },
                        "meta": {},
                        "tainted": false
                    },
                    "deposed": [],
                    "provider": "provider.aws"
                },
                "aws_security_group.allow_tls": {
                    "type": "aws_security_group",
                    "depends_on": [
                        "aws_vpc.main"
                    ],
                    "primary": {
                        "id": "sg-0154e6b12dd03b863",
                        "attributes": {
                            "arn": "arn:aws:ec2:us-east-2:672223761426:security-group/sg-0154e6b12dd03b863",
                            "description": "Allow TLS inbound traffic",
                            "egress.#": "3",
                            "egress.1829582617.cidr_blocks.#": "1",
                            "egress.1829582617.cidr_blocks.0": "10.0.0.0/16",
                            "egress.1829582617.description": "",
                            "egress.1829582617.from_port": "443",
                            "egress.1829582617.ipv6_cidr_blocks.#": "0",
                            "egress.1829582617.prefix_list_ids.#": "0",
                            "egress.1829582617.protocol": "tcp",
                            "egress.1829582617.security_groups.#": "0",
                            "egress.1829582617.self": "false",
                            "egress.1829582617.to_port": "443",
                            "egress.2165049311.cidr_blocks.#": "1",
                            "egress.2165049311.cidr_blocks.0": "10.0.0.0/16",
                            "egress.2165049311.description": "",
                            "egress.2165049311.from_port": "80",
                            "egress.2165049311.ipv6_cidr_blocks.#": "0",
                            "egress.2165049311.prefix_list_ids.#": "0",
                            "egress.2165049311.protocol": "tcp",
                            "egress.2165049311.security_groups.#": "0",
                            "egress.2165049311.self": "false",
                            "egress.2165049311.to_port": "80",
                            "egress.931551850.cidr_blocks.#": "1",
                            "egress.931551850.cidr_blocks.0": "10.0.0.0/16",
                            "egress.931551850.description": "",
                            "egress.931551850.from_port": "22",
                            "egress.931551850.ipv6_cidr_blocks.#": "0",
                            "egress.931551850.prefix_list_ids.#": "0",
                            "egress.931551850.protocol": "tcp",
                            "egress.931551850.security_groups.#": "0",
                            "egress.931551850.self": "false",
                            "egress.931551850.to_port": "22",
                            "id": "sg-0154e6b12dd03b863",
                            "ingress.#": "3",
                            "ingress.1773881670.cidr_blocks.#": "1",
                            "ingress.1773881670.cidr_blocks.0": "0.0.0.0/0",
                            "ingress.1773881670.description": "http",
                            "ingress.1773881670.from_port": "80",
                            "ingress.1773881670.ipv6_cidr_blocks.#": "0",
                            "ingress.1773881670.prefix_list_ids.#": "0",
                            "ingress.1773881670.protocol": "tcp",
                            "ingress.1773881670.security_groups.#": "0",
                            "ingress.1773881670.self": "false",
                            "ingress.1773881670.to_port": "80",
                            "ingress.22768159.cidr_blocks.#": "1",
                            "ingress.22768159.cidr_blocks.0": "0.0.0.0/0",
                            "ingress.22768159.description": "TLS from VPC",
                            "ingress.22768159.from_port": "22",
                            "ingress.22768159.ipv6_cidr_blocks.#": "0",
                            "ingress.22768159.prefix_list_ids.#": "0",
                            "ingress.22768159.protocol": "tcp",
                            "ingress.22768159.security_groups.#": "0",
                            "ingress.22768159.self": "false",
                            "ingress.22768159.to_port": "22",
                            "ingress.3956889494.cidr_blocks.#": "1",
                            "ingress.3956889494.cidr_blocks.0": "0.0.0.0/0",
                            "ingress.3956889494.description": "https",
                            "ingress.3956889494.from_port": "443",
                            "ingress.3956889494.ipv6_cidr_blocks.#": "0",
                            "ingress.3956889494.prefix_list_ids.#": "0",
                            "ingress.3956889494.protocol": "tcp",
                            "ingress.3956889494.security_groups.#": "0",
                            "ingress.3956889494.self": "false",
                            "ingress.3956889494.to_port": "443",
                            "name": "allow_tls",
                            "owner_id": "672223761426",
                            "revoke_rules_on_delete": "false",
                            "tags.%": "1",
                            "tags.Name": "allow_tls",
                            "vpc_id": "vpc-0f9bc3dcb70ac0252"
                        },
                        "meta": {
                            "e2bfb730-ecaa-11e6-8f88-34363bc7c4c0": {
                                "create": 600000000000,
                                "delete": 600000000000
                            },
                            "schema_version": "1"
                        },
                        "tainted": false
                    },
                    "deposed": [],
                    "provider": "provider.aws"
                },
                "aws_security_group.allow_tls_ssh": {
                    "type": "aws_security_group",
                    "depends_on": [
                        "aws_vpc.main"
                    ],
                    "primary": {
                        "id": "sg-02615ad3cbc7955ce",
                        "attributes": {
                            "arn": "arn:aws:ec2:us-east-2:672223761426:security-group/sg-02615ad3cbc7955ce",
                            "description": "Allow SSH traffic",
                            "egress.#": "1",
                            "egress.931551850.cidr_blocks.#": "1",
                            "egress.931551850.cidr_blocks.0": "10.0.0.0/16",
                            "egress.931551850.description": "",
                            "egress.931551850.from_port": "22",
                            "egress.931551850.ipv6_cidr_blocks.#": "0",
                            "egress.931551850.prefix_list_ids.#": "0",
                            "egress.931551850.protocol": "tcp",
                            "egress.931551850.security_groups.#": "0",
                            "egress.931551850.self": "false",
                            "egress.931551850.to_port": "22",
                            "id": "sg-02615ad3cbc7955ce",
                            "ingress.#": "1",
                            "ingress.22768159.cidr_blocks.#": "1",
                            "ingress.22768159.cidr_blocks.0": "0.0.0.0/0",
                            "ingress.22768159.description": "TLS from VPC",
                            "ingress.22768159.from_port": "22",
                            "ingress.22768159.ipv6_cidr_blocks.#": "0",
                            "ingress.22768159.prefix_list_ids.#": "0",
                            "ingress.22768159.protocol": "tcp",
                            "ingress.22768159.security_groups.#": "0",
                            "ingress.22768159.self": "false",
                            "ingress.22768159.to_port": "22",
                            "name": "allow_tls_ssh",
                            "owner_id": "672223761426",
                            "revoke_rules_on_delete": "false",
                            "tags.%": "0",
                            "vpc_id": "vpc-0f9bc3dcb70ac0252"
                        },
                        "meta": {
                            "e2bfb730-ecaa-11e6-8f88-34363bc7c4c0": {
                                "create": 600000000000,
                                "delete": 600000000000
                            },
                            "schema_version": "1"
                        },
                        "tainted": false
                    },
                    "deposed": [],
                    "provider": "provider.aws"
                },
                "aws_subnet.subnet-private-1": {
                    "type": "aws_subnet",
                    "depends_on": [
                        "aws_vpc.main"
                    ],
                    "primary": {
                        "id": "subnet-0447ac4b5382168f3",
                        "attributes": {
                            "arn": "arn:aws:ec2:us-east-2:672223761426:subnet/subnet-0447ac4b5382168f3",
                            "assign_ipv6_address_on_creation": "false",
                            "availability_zone": "us-east-2b",
                            "availability_zone_id": "use2-az2",
                            "cidr_block": "10.0.3.0/28",
                            "id": "subnet-0447ac4b5382168f3",
                            "ipv6_cidr_block": "",
                            "ipv6_cidr_block_association_id": "",
                            "map_public_ip_on_launch": "false",
                            "owner_id": "672223761426",
                            "tags.%": "1",
                            "tags.Name": "subnet-private-1",
                            "vpc_id": "vpc-0f9bc3dcb70ac0252"
                        },
                        "meta": {
                            "e2bfb730-ecaa-11e6-8f88-34363bc7c4c0": {
                                "create": 600000000000,
                                "delete": 1200000000000
                            },
                            "schema_version": "1"
                        },
                        "tainted": false
                    },
                    "deposed": [],
                    "provider": "provider.aws"
                },
                "aws_subnet.subnet-private-2": {
                    "type": "aws_subnet",
                    "depends_on": [
                        "aws_vpc.main"
                    ],
                    "primary": {
                        "id": "subnet-0f776381a780bdad2",
                        "attributes": {
                            "arn": "arn:aws:ec2:us-east-2:672223761426:subnet/subnet-0f776381a780bdad2",
                            "assign_ipv6_address_on_creation": "false",
                            "availability_zone": "us-east-2b",
                            "availability_zone_id": "use2-az2",
                            "cidr_block": "10.0.4.0/28",
                            "id": "subnet-0f776381a780bdad2",
                            "ipv6_cidr_block": "",
                            "ipv6_cidr_block_association_id": "",
                            "map_public_ip_on_launch": "false",
                            "owner_id": "672223761426",
                            "tags.%": "1",
                            "tags.Name": "subnet-private-2",
                            "vpc_id": "vpc-0f9bc3dcb70ac0252"
                        },
                        "meta": {
                            "e2bfb730-ecaa-11e6-8f88-34363bc7c4c0": {
                                "create": 600000000000,
                                "delete": 1200000000000
                            },
                            "schema_version": "1"
                        },
                        "tainted": false
                    },
                    "deposed": [],
                    "provider": "provider.aws"
                },
                "aws_subnet.subnet-public-1": {
                    "type": "aws_subnet",
                    "depends_on": [
                        "aws_vpc.main"
                    ],
                    "primary": {
                        "id": "subnet-0f465a4ca38c955e0",
                        "attributes": {
                            "arn": "arn:aws:ec2:us-east-2:672223761426:subnet/subnet-0f465a4ca38c955e0",
                            "assign_ipv6_address_on_creation": "false",
                            "availability_zone": "us-east-2a",
                            "availability_zone_id": "use2-az1",
                            "cidr_block": "10.0.1.0/28",
                            "id": "subnet-0f465a4ca38c955e0",
                            "ipv6_cidr_block": "",
                            "ipv6_cidr_block_association_id": "",
                            "map_public_ip_on_launch": "false",
                            "owner_id": "672223761426",
                            "tags.%": "1",
                            "tags.Name": "subnet-public-1",
                            "vpc_id": "vpc-0f9bc3dcb70ac0252"
                        },
                        "meta": {
                            "e2bfb730-ecaa-11e6-8f88-34363bc7c4c0": {
                                "create": 600000000000,
                                "delete": 1200000000000
                            },
                            "schema_version": "1"
                        },
                        "tainted": false
                    },
                    "deposed": [],
                    "provider": "provider.aws"
                },
                "aws_subnet.subnet-public-2": {
                    "type": "aws_subnet",
                    "depends_on": [
                        "aws_vpc.main"
                    ],
                    "primary": {
                        "id": "subnet-0aded31d48657bf3f",
                        "attributes": {
                            "arn": "arn:aws:ec2:us-east-2:672223761426:subnet/subnet-0aded31d48657bf3f",
                            "assign_ipv6_address_on_creation": "false",
                            "availability_zone": "us-east-2a",
                            "availability_zone_id": "use2-az1",
                            "cidr_block": "10.0.2.0/28",
                            "id": "subnet-0aded31d48657bf3f",
                            "ipv6_cidr_block": "",
                            "ipv6_cidr_block_association_id": "",
                            "map_public_ip_on_launch": "false",
                            "owner_id": "672223761426",
                            "tags.%": "1",
                            "tags.Name": "subnet-public-2",
                            "vpc_id": "vpc-0f9bc3dcb70ac0252"
                        },
                        "meta": {
                            "e2bfb730-ecaa-11e6-8f88-34363bc7c4c0": {
                                "create": 600000000000,
                                "delete": 1200000000000
                            },
                            "schema_version": "1"
                        },
                        "tainted": false
                    },
                    "deposed": [],
                    "provider": "provider.aws"
                },
                "aws_vpc.main": {
                    "type": "aws_vpc",
                    "depends_on": [],
                    "primary": {
                        "id": "vpc-0f9bc3dcb70ac0252",
                        "attributes": {
                            "arn": "arn:aws:ec2:us-east-2:672223761426:vpc/vpc-0f9bc3dcb70ac0252",
                            "assign_generated_ipv6_cidr_block": "false",
                            "cidr_block": "10.0.0.0/16",
                            "default_network_acl_id": "acl-0c4a31e98243a8743",
                            "default_route_table_id": "rtb-0c22e4839a0e77d48",
                            "default_security_group_id": "sg-0582bb9e82d81a362",
                            "dhcp_options_id": "dopt-003e9f6b",
                            "enable_dns_hostnames": "false",
                            "enable_dns_support": "true",
                            "id": "vpc-0f9bc3dcb70ac0252",
                            "instance_tenancy": "default",
                            "ipv6_association_id": "",
                            "ipv6_cidr_block": "",
                            "main_route_table_id": "rtb-0c22e4839a0e77d48",
                            "owner_id": "672223761426",
                            "tags.%": "1",
                            "tags.Name": "main-vpc"
                        },
                        "meta": {
                            "schema_version": "1"
                        },
                        "tainted": false
                    },
                    "deposed": [],
                    "provider": "provider.aws"
                },
                "tls_private_key.key": {
                    "type": "tls_private_key",
                    "depends_on": [],
                    "primary": {
                        "id": "68047b656049b3b9c475662d0a6dae28696bbb83",
                        "attributes": {
                            "algorithm": "RSA",
                            "ecdsa_curve": "P224",
                            "id": "68047b656049b3b9c475662d0a6dae28696bbb83",
                            "private_key_pem": "-----BEGIN RSA PRIVATE KEY-----\nMIIEpAIBAAKCAQEAsN+w04YN0CJpB0jpnyIVKosjUu0mWPk9QLf5f6LqXX0L8Qwu\n1NBfkCx5TogvzcyRBsZAQMge0dTGM7wW+UHFxSGi4uQN11OXFIOy7kdBvh181mTj\n6rrgUopJQF2LqWRX8RMZ1sI18WVmoj26qiZvaqNSIXRw6P7csHpcT04kGhG5LbXu\nNLZOd33i+dfhHS38iok8m3OtovxBO1SX7/ErDKA0WZxEhXl56uG4OJmlrhyRFSIo\nSgDaHnEKs5szKyjBKI7W+eC24kXiQAaoklLHt5pGjjNB3jBaDITt5bDoGBB81xeK\nm/oTBcl4Nm3VjQRa8YFCcmftd/mfg7iIz1CyTwIDAQABAoIBAGq1miYTg3Plvr3R\nZHlIg8KWDSqzvuYBAM5x8EnsDT93+ONluT9Vs8H0wv75NPYRjBGtPAiZc9aeazG9\nMZMR9nJ3V6FRe3REjyqmRiZxwR0lBzMFzWfJdRr3KTh295Kr4k6kentR0l+gEKqj\nWWHcLG4GuL9MU+6ODLFAMT77YtaChwTaNH0wliaVIcoyE8YjSCvWpt/Im0rY7ZCU\noYZnMLVDuDA1QYhvzYZ/z/aazxHP2uAeyQ651cMEZT24tKvIAS0x8qoXXVnsK1dk\ne2vNdTcNvEcdILbgomLnbPJBJY5g7l8qduYqVLhNFOO2Q3O5vPfiRiQoEN/Yh0ev\nBUeaiQECgYEAwjyKbNCgKziR7VeyVz0l/G4ph10vLfAtvqhMeEhRGhwIGWBvbegq\nWcEcwHVcJmMSuUBQo90nXOryZk/jP1f9Tn6Km5yMQvgkV/MAPG0Wmms8cmgjDms1\nDSrldilBQVSt/wHU6Hr3uC7MBtDI4XyfWMJ/1vk6BSC2KylwyoQpOoECgYEA6R3F\nq59SgTybwy///Gjl25YzkoYEJacp9HWpXe1uEy1WFlM1Va/3fe05GZ9JwySjUcs8\n+bQBn0CL6C88UtE+DL1HGKDDS6CsTx6E33uEQj8yjNnkqq+LALeGsmD39NMGNdxM\nnDujSEKRLfppI8g1MgiTvVXuHpKnDyp55wcgZM8CgYB3bM/TneaNDIg0vRHrL662\naWlhUDsc7KrDqijyX8x12DxmlfONSQ0ZCHJMJxyUgZ/WhSPPzL9SEycdHwtjPA+D\n/qvsh7F5z6ZQ6RkBDjWyljKhSUQcrm/8+54AK9dyesVMoGyu0ESVWziZDDAm6//x\njA0cOTqiQn2fRiiSa/YJgQKBgQCWGy2ljTm7LiO+U7Ip/gHEm7spplIVTMafOwSM\nDs7KWm8MgRfezSg4VgBml0MP/Q+NI6lnwJkqyo1MPN5DFak22spk+V/H2vYZHDXD\nEe3gGoGaYNP1dIO1OnfpdLc1VoyxMeHC2EQTy4lgadY5zDk0toErcaGa3iPkiB1m\nvhgF0QKBgQC6uSAyYXpY/T1t3SZg+Re8az1noHXUMCSOX6nPgQtWrKQLLVN59tGE\niPQMhBZtWn5Qr9YIdb/9mjG0GDGVcVSX4sDxqfwHcE6WHfplhtAGJNlQoy4XAl64\nFfiRMUncfknhZJMkE8cUYd4URSl5/T6bvJnmgdRjNUooVIrLzurYRQ==\n-----END RSA PRIVATE KEY-----\n",
                            "public_key_fingerprint_md5": "c4:5c:b4:b4:a6:71:f1:e6:61:ed:06:97:17:66:13:d7",
                            "public_key_openssh": "ssh-rsa AAAAB3NzaC1yc2EAAAADAQABAAABAQCw37DThg3QImkHSOmfIhUqiyNS7SZY+T1At/l/oupdfQvxDC7U0F+QLHlOiC/NzJEGxkBAyB7R1MYzvBb5QcXFIaLi5A3XU5cUg7LuR0G+HXzWZOPquuBSiklAXYupZFfxExnWwjXxZWaiPbqqJm9qo1IhdHDo/tywelxPTiQaEbktte40tk53feL51+EdLfyKiTybc62i/EE7VJfv8SsMoDRZnESFeXnq4bg4maWuHJEVIihKANoecQqzmzMrKMEojtb54LbiReJABqiSUse3mkaOM0HeMFoMhO3lsOgYEHzXF4qb+hMFyXg2bdWNBFrxgUJyZ+13+Z+DuIjPULJP\n",
                            "public_key_pem": "-----BEGIN PUBLIC KEY-----\nMIIBIjANBgkqhkiG9w0BAQEFAAOCAQ8AMIIBCgKCAQEAsN+w04YN0CJpB0jpnyIV\nKosjUu0mWPk9QLf5f6LqXX0L8Qwu1NBfkCx5TogvzcyRBsZAQMge0dTGM7wW+UHF\nxSGi4uQN11OXFIOy7kdBvh181mTj6rrgUopJQF2LqWRX8RMZ1sI18WVmoj26qiZv\naqNSIXRw6P7csHpcT04kGhG5LbXuNLZOd33i+dfhHS38iok8m3OtovxBO1SX7/Er\nDKA0WZxEhXl56uG4OJmlrhyRFSIoSgDaHnEKs5szKyjBKI7W+eC24kXiQAaoklLH\nt5pGjjNB3jBaDITt5bDoGBB81xeKm/oTBcl4Nm3VjQRa8YFCcmftd/mfg7iIz1Cy\nTwIDAQAB\n-----END PUBLIC KEY-----\n",
                            "rsa_bits": "2048"
                        },
                        "meta": {},
                        "tainted": false
                    },
                    "deposed": [],
                    "provider": "provider.tls"
                }
            },
            "depends_on": []
        },
        {
            "path": [
                "root",
                "app-1"
            ],
            "outputs": {},
            "resources": {
                "aws_instance.this": {
                    "type": "aws_instance",
                    "depends_on": [],
                    "primary": {
                        "id": "i-0817d35ef312f3f0e",
                        "attributes": {
                            "ami": "ami-0e01ce4ee18447327",
                            "arn": "arn:aws:ec2:us-east-2:672223761426:instance/i-0817d35ef312f3f0e",
                            "associate_public_ip_address": "false",
                            "availability_zone": "us-east-2b",
                            "cpu_core_count": "1",
                            "cpu_threads_per_core": "1",
                            "credit_specification.#": "1",
                            "credit_specification.0.cpu_credits": "standard",
                            "disable_api_termination": "false",
                            "ebs_block_device.#": "0",
                            "ebs_optimized": "false",
                            "ephemeral_block_device.#": "0",
                            "get_password_data": "false",
                            "hibernation": "false",
                            "iam_instance_profile": "",
                            "id": "i-0817d35ef312f3f0e",
                            "instance_state": "running",
                            "instance_type": "t2.micro",
                            "ipv6_address_count": "0",
                            "ipv6_addresses.#": "0",
                            "key_name": "aws_Pkey",
                            "metadata_options.#": "1",
                            "metadata_options.0.http_endpoint": "enabled",
                            "metadata_options.0.http_put_response_hop_limit": "1",
                            "metadata_options.0.http_tokens": "optional",
                            "monitoring": "false",
                            "network_interface.#": "0",
                            "password_data": "",
                            "placement_group": "",
                            "primary_network_interface_id": "eni-0128686d9d7083e69",
                            "private_dns": "ip-10-0-3-9.us-east-2.compute.internal",
                            "private_ip": "10.0.3.9",
                            "public_dns": "",
                            "public_ip": "",
                            "root_block_device.#": "1",
                            "root_block_device.0.delete_on_termination": "true",
                            "root_block_device.0.encrypted": "false",
                            "root_block_device.0.iops": "100",
                            "root_block_device.0.kms_key_id": "",
                            "root_block_device.0.volume_id": "vol-0628da2cd19945b17",
                            "root_block_device.0.volume_size": "8",
                            "root_block_device.0.volume_type": "gp2",
                            "security_groups.#": "0",
                            "source_dest_check": "true",
                            "subnet_id": "subnet-0447ac4b5382168f3",
                            "tags.%": "1",
                            "tags.Name": "app-1",
                            "tenancy": "default",
                            "volume_tags.%": "0",
                            "vpc_security_group_ids.#": "1",
                            "vpc_security_group_ids.3542774153": "sg-02615ad3cbc7955ce"
                        },
                        "meta": {
                            "e2bfb730-ecaa-11e6-8f88-34363bc7c4c0": {
                                "create": 600000000000,
                                "delete": 1200000000000,
                                "update": 600000000000
                            },
                            "schema_version": "1"
                        },
                        "tainted": false
                    },
                    "deposed": [],
                    "provider": "provider.aws"
                }
            },
            "depends_on": []
        },
        {
            "path": [
                "root",
                "app-2"
            ],
            "outputs": {},
            "resources": {
                "aws_instance.this": {
                    "type": "aws_instance",
                    "depends_on": [],
                    "primary": {
                        "id": "i-0a5fa7304a0c201cc",
                        "attributes": {
                            "ami": "ami-0e01ce4ee18447327",
                            "arn": "arn:aws:ec2:us-east-2:672223761426:instance/i-0a5fa7304a0c201cc",
                            "associate_public_ip_address": "false",
                            "availability_zone": "us-east-2b",
                            "cpu_core_count": "1",
                            "cpu_threads_per_core": "1",
                            "credit_specification.#": "1",
                            "credit_specification.0.cpu_credits": "standard",
                            "disable_api_termination": "false",
                            "ebs_block_device.#": "0",
                            "ebs_optimized": "false",
                            "ephemeral_block_device.#": "0",
                            "get_password_data": "false",
                            "hibernation": "false",
                            "iam_instance_profile": "",
                            "id": "i-0a5fa7304a0c201cc",
                            "instance_state": "running",
                            "instance_type": "t2.micro",
                            "ipv6_address_count": "0",
                            "ipv6_addresses.#": "0",
                            "key_name": "aws_Pkey",
                            "metadata_options.#": "1",
                            "metadata_options.0.http_endpoint": "enabled",
                            "metadata_options.0.http_put_response_hop_limit": "1",
                            "metadata_options.0.http_tokens": "optional",
                            "monitoring": "false",
                            "network_interface.#": "0",
                            "password_data": "",
                            "placement_group": "",
                            "primary_network_interface_id": "eni-010fa9f585dd97b29",
                            "private_dns": "ip-10-0-4-11.us-east-2.compute.internal",
                            "private_ip": "10.0.4.11",
                            "public_dns": "",
                            "public_ip": "",
                            "root_block_device.#": "1",
                            "root_block_device.0.delete_on_termination": "true",
                            "root_block_device.0.encrypted": "false",
                            "root_block_device.0.iops": "100",
                            "root_block_device.0.kms_key_id": "",
                            "root_block_device.0.volume_id": "vol-097209364d988e6bc",
                            "root_block_device.0.volume_size": "8",
                            "root_block_device.0.volume_type": "gp2",
                            "security_groups.#": "0",
                            "source_dest_check": "true",
                            "subnet_id": "subnet-0f776381a780bdad2",
                            "tags.%": "1",
                            "tags.Name": "app-2",
                            "tenancy": "default",
                            "volume_tags.%": "0",
                            "vpc_security_group_ids.#": "1",
                            "vpc_security_group_ids.3542774153": "sg-02615ad3cbc7955ce"
                        },
                        "meta": {
                            "e2bfb730-ecaa-11e6-8f88-34363bc7c4c0": {
                                "create": 600000000000,
                                "delete": 1200000000000,
                                "update": 600000000000
                            },
                            "schema_version": "1"
                        },
                        "tainted": false
                    },
                    "deposed": [],
                    "provider": "provider.aws"
                }
            },
            "depends_on": []
        },
        {
            "path": [
                "root",
                "bastion"
            ],
            "outputs": {},
            "resources": {
                "aws_instance.this": {
                    "type": "aws_instance",
                    "depends_on": [],
                    "primary": {
                        "id": "i-0adf9f620818fd0c2",
                        "attributes": {
                            "ami": "ami-0e01ce4ee18447327",
                            "arn": "arn:aws:ec2:us-east-2:672223761426:instance/i-0adf9f620818fd0c2",
                            "associate_public_ip_address": "true",
                            "availability_zone": "us-east-2a",
                            "cpu_core_count": "1",
                            "cpu_threads_per_core": "1",
                            "credit_specification.#": "1",
                            "credit_specification.0.cpu_credits": "standard",
                            "disable_api_termination": "false",
                            "ebs_block_device.#": "0",
                            "ebs_optimized": "false",
                            "ephemeral_block_device.#": "0",
                            "get_password_data": "false",
                            "hibernation": "false",
                            "iam_instance_profile": "",
                            "id": "i-0adf9f620818fd0c2",
                            "instance_state": "running",
                            "instance_type": "t2.micro",
                            "ipv6_address_count": "0",
                            "ipv6_addresses.#": "0",
                            "key_name": "aws_Pkey",
                            "metadata_options.#": "1",
                            "metadata_options.0.http_endpoint": "enabled",
                            "metadata_options.0.http_put_response_hop_limit": "1",
                            "metadata_options.0.http_tokens": "optional",
                            "monitoring": "false",
                            "network_interface.#": "0",
                            "password_data": "",
                            "placement_group": "",
                            "primary_network_interface_id": "eni-05d949ac40a4dd93f",
                            "private_dns": "ip-10-0-2-12.us-east-2.compute.internal",
                            "private_ip": "10.0.2.12",
                            "public_dns": "",
                            "public_ip": "3.17.79.103",
                            "root_block_device.#": "1",
                            "root_block_device.0.delete_on_termination": "true",
                            "root_block_device.0.encrypted": "false",
                            "root_block_device.0.iops": "100",
                            "root_block_device.0.kms_key_id": "",
                            "root_block_device.0.volume_id": "vol-0b3de2bcc39f9f92d",
                            "root_block_device.0.volume_size": "8",
                            "root_block_device.0.volume_type": "gp2",
                            "security_groups.#": "0",
                            "source_dest_check": "true",
                            "subnet_id": "subnet-0aded31d48657bf3f",
                            "tags.%": "1",
                            "tags.Name": "bastion",
                            "tenancy": "default",
                            "volume_tags.%": "0",
                            "vpc_security_group_ids.#": "1",
                            "vpc_security_group_ids.3542774153": "sg-02615ad3cbc7955ce"
                        },
                        "meta": {
                            "e2bfb730-ecaa-11e6-8f88-34363bc7c4c0": {
                                "create": 600000000000,
                                "delete": 1200000000000,
                                "update": 600000000000
                            },
                            "schema_version": "1"
                        },
                        "tainted": false
                    },
                    "deposed": [],
                    "provider": "provider.aws"
                }
            },
            "depends_on": []
        },
        {
            "path": [
                "root",
                "nginx-1"
            ],
            "outputs": {},
            "resources": {
                "aws_instance.this": {
                    "type": "aws_instance",
                    "depends_on": [],
                    "primary": {
                        "id": "i-0b0661e4f5df513d4",
                        "attributes": {
                            "ami": "ami-0e01ce4ee18447327",
                            "arn": "arn:aws:ec2:us-east-2:672223761426:instance/i-0b0661e4f5df513d4",
                            "associate_public_ip_address": "false",
                            "availability_zone": "us-east-2a",
                            "cpu_core_count": "1",
                            "cpu_threads_per_core": "1",
                            "credit_specification.#": "1",
                            "credit_specification.0.cpu_credits": "standard",
                            "disable_api_termination": "false",
                            "ebs_block_device.#": "0",
                            "ebs_optimized": "false",
                            "ephemeral_block_device.#": "0",
                            "get_password_data": "false",
                            "hibernation": "false",
                            "iam_instance_profile": "",
                            "id": "i-0b0661e4f5df513d4",
                            "instance_state": "running",
                            "instance_type": "t2.micro",
                            "ipv6_address_count": "0",
                            "ipv6_addresses.#": "0",
                            "key_name": "aws_Pkey",
                            "metadata_options.#": "1",
                            "metadata_options.0.http_endpoint": "enabled",
                            "metadata_options.0.http_put_response_hop_limit": "1",
                            "metadata_options.0.http_tokens": "optional",
                            "monitoring": "false",
                            "network_interface.#": "0",
                            "password_data": "",
                            "placement_group": "",
                            "primary_network_interface_id": "eni-056b77c21f8edfd91",
                            "private_dns": "ip-10-0-1-8.us-east-2.compute.internal",
                            "private_ip": "10.0.1.8",
                            "public_dns": "",
                            "public_ip": "",
                            "root_block_device.#": "1",
                            "root_block_device.0.delete_on_termination": "true",
                            "root_block_device.0.encrypted": "false",
                            "root_block_device.0.iops": "100",
                            "root_block_device.0.kms_key_id": "",
                            "root_block_device.0.volume_id": "vol-009a2e98ff7626ffb",
                            "root_block_device.0.volume_size": "8",
                            "root_block_device.0.volume_type": "gp2",
                            "security_groups.#": "0",
                            "source_dest_check": "true",
                            "subnet_id": "subnet-0f465a4ca38c955e0",
                            "tags.%": "1",
                            "tags.Name": "nginx-1",
                            "tenancy": "default",
                            "volume_tags.%": "0",
                            "vpc_security_group_ids.#": "1",
                            "vpc_security_group_ids.3901221982": "sg-0154e6b12dd03b863"
                        },
                        "meta": {
                            "e2bfb730-ecaa-11e6-8f88-34363bc7c4c0": {
                                "create": 600000000000,
                                "delete": 1200000000000,
                                "update": 600000000000
                            },
                            "schema_version": "1"
                        },
                        "tainted": false
                    },
                    "deposed": [],
                    "provider": "provider.aws"
                }
            },
            "depends_on": []
        },
        {
            "path": [
                "root",
                "nginx-2"
            ],
            "outputs": {},
            "resources": {
                "aws_instance.this": {
                    "type": "aws_instance",
                    "depends_on": [],
                    "primary": {
                        "id": "i-0ee70cd3468ff6ec0",
                        "attributes": {
                            "ami": "ami-0e01ce4ee18447327",
                            "arn": "arn:aws:ec2:us-east-2:672223761426:instance/i-0ee70cd3468ff6ec0",
                            "associate_public_ip_address": "false",
                            "availability_zone": "us-east-2a",
                            "cpu_core_count": "1",
                            "cpu_threads_per_core": "1",
                            "credit_specification.#": "1",
                            "credit_specification.0.cpu_credits": "standard",
                            "disable_api_termination": "false",
                            "ebs_block_device.#": "0",
                            "ebs_optimized": "false",
                            "ephemeral_block_device.#": "0",
                            "get_password_data": "false",
                            "hibernation": "false",
                            "iam_instance_profile": "",
                            "id": "i-0ee70cd3468ff6ec0",
                            "instance_state": "running",
                            "instance_type": "t2.micro",
                            "ipv6_address_count": "0",
                            "ipv6_addresses.#": "0",
                            "key_name": "aws_Pkey",
                            "metadata_options.#": "1",
                            "metadata_options.0.http_endpoint": "enabled",
                            "metadata_options.0.http_put_response_hop_limit": "1",
                            "metadata_options.0.http_tokens": "optional",
                            "monitoring": "false",
                            "network_interface.#": "0",
                            "password_data": "",
                            "placement_group": "",
                            "primary_network_interface_id": "eni-0d7f97f29237e4a52",
                            "private_dns": "ip-10-0-2-11.us-east-2.compute.internal",
                            "private_ip": "10.0.2.11",
                            "public_dns": "",
                            "public_ip": "",
                            "root_block_device.#": "1",
                            "root_block_device.0.delete_on_termination": "true",
                            "root_block_device.0.encrypted": "false",
                            "root_block_device.0.iops": "100",
                            "root_block_device.0.kms_key_id": "",
                            "root_block_device.0.volume_id": "vol-0305651dd6369f533",
                            "root_block_device.0.volume_size": "8",
                            "root_block_device.0.volume_type": "gp2",
                            "security_groups.#": "0",
                            "source_dest_check": "true",
                            "subnet_id": "subnet-0aded31d48657bf3f",
                            "tags.%": "1",
                            "tags.Name": "nginx-2",
                            "tenancy": "default",
                            "volume_tags.%": "0",
                            "vpc_security_group_ids.#": "1",
                            "vpc_security_group_ids.3901221982": "sg-0154e6b12dd03b863"
                        },
                        "meta": {
                            "e2bfb730-ecaa-11e6-8f88-34363bc7c4c0": {
                                "create": 600000000000,
                                "delete": 1200000000000,
                                "update": 600000000000
                            },
                            "schema_version": "1"
                        },
                        "tainted": false
                    },
                    "deposed": [],
                    "provider": "provider.aws"
                }
            },
            "depends_on": []
        }
    ]
}
